
Microsoft Visual Studio Solution File, Format Version 12.00
# Visual Studio Version 16
VisualStudioVersion = 16.0.34407.143
MinimumVisualStudioVersion = 10.0.40219.1
Project("{FAE04EC0-301F-11D3-BF4B-00C04F79EFBC}") = "P4Ahorcado", "P4Ahorcado\P4Ahorcado.csproj", "{2767D713-9D03-4082-8AF9-26A59E459F10}"
EndProject
Global
	GlobalSection(SolutionConfigurationPlatforms) = preSolution
		Debug|Any CPU = Debug|Any CPU
		Release|Any CPU = Release|Any CPU
	EndGlobalSection
	GlobalSection(ProjectConfigurationPlatforms) = postSolution
		{2767D713-9D03-4082-8AF9-26A59E459F10}.Debug|Any CPU.ActiveCfg = Debug|Any CPU
		{2767D713-9D03-4082-8AF9-26A59E459F10}.Debug|Any CPU.Build.0 = Debug|Any CPU
		{2767D713-9D03-4082-8AF9-26A59E459F10}.Debug|Any CPU.Deploy.0 = Debug|Any CPU
		{2767D713-9D03-4082-8AF9-26A59E459F10}.Release|Any CPU.ActiveCfg = Release|Any CPU
		{2767D713-9D03-4082-8AF9-26A59E459F10}.Release|Any CPU.Build.0 = Release|Any CPU
		{2767D713-9D03-4082-8AF9-26A59E459F10}.Release|Any CPU.Deploy.0 = Release|Any CPU
	EndGlobalSection
	GlobalSection(SolutionProperties) = preSolution
		HideSolutionNode = FALSE
	EndGlobalSection
	GlobalSection(ExtensibilityGlobals) = postSolution
		SolutionGuid = {1942FF8D-05DD-4AA7-9993-1A196303F83D}
	EndGlobalSection
EndGlobal
